
Microsoft Visual Studio Solution File, Format Version 12.00
# Visual Studio Version 16
VisualStudioVersion = 16.0.31424.327
MinimumVisualStudioVersion = 10.0.40219.1
Project("{FAE04EC0-301F-11D3-BF4B-00C04F79EFBC}") = "TestMedStub", "TestMedStub\TestMedStub.csproj", "{1182CDB6-4492-48D5-B6E5-FCBAD85A7806}"
EndProject
Project("{FAE04EC0-301F-11D3-BF4B-00C04F79EFBC}") = "TestProject", "TestProject\TestProject.csproj", "{96948847-09D0-44A0-B224-2E572D5C5CE1}"
EndProject
Global
	GlobalSection(SolutionConfigurationPlatforms) = preSolution
		Debug|Any CPU = Debug|Any CPU
		Release|Any CPU = Release|Any CPU
	EndGlobalSection
	GlobalSection(ProjectConfigurationPlatforms) = postSolution
		{1182CDB6-4492-48D5-B6E5-FCBAD85A7806}.Debug|Any CPU.ActiveCfg = Debug|Any CPU
		{1182CDB6-4492-48D5-B6E5-FCBAD85A7806}.Debug|Any CPU.Build.0 = Debug|Any CPU
		{1182CDB6-4492-48D5-B6E5-FCBAD85A7806}.Release|Any CPU.ActiveCfg = Release|Any CPU
		{1182CDB6-4492-48D5-B6E5-FCBAD85A7806}.Release|Any CPU.Build.0 = Release|Any CPU
		{96948847-09D0-44A0-B224-2E572D5C5CE1}.Debug|Any CPU.ActiveCfg = Debug|Any CPU
		{96948847-09D0-44A0-B224-2E572D5C5CE1}.Debug|Any CPU.Build.0 = Debug|Any CPU
		{96948847-09D0-44A0-B224-2E572D5C5CE1}.Release|Any CPU.ActiveCfg = Release|Any CPU
		{96948847-09D0-44A0-B224-2E572D5C5CE1}.Release|Any CPU.Build.0 = Release|Any CPU
	EndGlobalSection
	GlobalSection(SolutionProperties) = preSolution
		HideSolutionNode = FALSE
	EndGlobalSection
	GlobalSection(ExtensibilityGlobals) = postSolution
		SolutionGuid = {361C726F-075B-4956-937A-A00E1B961D93}
	EndGlobalSection
EndGlobal
